
Microsoft Visual Studio Solution File, Format Version 12.00
# Visual Studio Version 17
VisualStudioVersion = 17.4.33110.190
MinimumVisualStudioVersion = 10.0.40219.1
Project("{9A19103F-16F7-4668-BE54-9A1E7A4F7556}") = "ProgressControl", "ProgressControl\ProgressControl.csproj", "{D9FC8E10-B320-4747-95F2-5AA0A08E688C}"
EndProject
Project("{9A19103F-16F7-4668-BE54-9A1E7A4F7556}") = "TestProgressControl", "TestProgressControl\TestProgressControl.csproj", "{1BA76F72-1EC9-4A56-9CB3-0619A9A4BDC8}"
EndProject
Global
	GlobalSection(SolutionConfigurationPlatforms) = preSolution
		Debug|Any CPU = Debug|Any CPU
		Release|Any CPU = Release|Any CPU
	EndGlobalSection
	GlobalSection(ProjectConfigurationPlatforms) = postSolution
		{D9FC8E10-B320-4747-95F2-5AA0A08E688C}.Debug|Any CPU.ActiveCfg = Debug|Any CPU
		{D9FC8E10-B320-4747-95F2-5AA0A08E688C}.Debug|Any CPU.Build.0 = Debug|Any CPU
		{D9FC8E10-B320-4747-95F2-5AA0A08E688C}.Release|Any CPU.ActiveCfg = Release|Any CPU
		{D9FC8E10-B320-4747-95F2-5AA0A08E688C}.Release|Any CPU.Build.0 = Release|Any CPU
		{1BA76F72-1EC9-4A56-9CB3-0619A9A4BDC8}.Debug|Any CPU.ActiveCfg = Debug|Any CPU
		{1BA76F72-1EC9-4A56-9CB3-0619A9A4BDC8}.Debug|Any CPU.Build.0 = Debug|Any CPU
		{1BA76F72-1EC9-4A56-9CB3-0619A9A4BDC8}.Release|Any CPU.ActiveCfg = Release|Any CPU
		{1BA76F72-1EC9-4A56-9CB3-0619A9A4BDC8}.Release|Any CPU.Build.0 = Release|Any CPU
	EndGlobalSection
	GlobalSection(SolutionProperties) = preSolution
		HideSolutionNode = FALSE
	EndGlobalSection
	GlobalSection(ExtensibilityGlobals) = postSolution
		SolutionGuid = {F37B4BDF-1485-4A8F-B34C-E13C1D0A3677}
	EndGlobalSection
EndGlobal
